// !$*UTF8*$!
{
	archiveVersion = 1;
	classes = {
	};
	objectVersion = 56;
	objects = {

/* Begin PBXBuildFile section */
		E62EBA362B754AA900BEB858 /* weatherApp.swift in Sources */ = {isa = PBXBuildFile; fileRef = E62EBA352B754AA900BEB858 /* weatherApp.swift */; };
		E62EBA382B754AA900BEB858 /* ContentView.swift in Sources */ = {isa = PBXBuildFile; fileRef = E62EBA372B754AA900BEB858 /* ContentView.swift */; };
		E62EBA3A2B754AAA00BEB858 /* Assets.xcassets in Resources */ = {isa = PBXBuildFile; fileRef = E62EBA392B754AAA00BEB858 /* Assets.xcassets */; };
		E62EBA3E2B754AAA00BEB858 /* Preview Assets.xcassets in Resources */ = {isa = PBXBuildFile; fileRef = E62EBA3D2B754AAA00BEB858 /* Preview Assets.xcassets */; };
		E62EBA482B754AAA00BEB858 /* weatherTests.swift in Sources */ = {isa = PBXBuildFile; fileRef = E62EBA472B754AAA00BEB858 /* weatherTests.swift */; };
		E62EBA522B754AAA00BEB858 /* weatherUITests.swift in Sources */ = {isa = PBXBuildFile; fileRef = E62EBA512B754AAA00BEB858 /* weatherUITests.swift */; };
		E62EBA542B754AAA00BEB858 /* weatherUITestsLaunchTests.swift in Sources */ = {isa = PBXBuildFile; fileRef = E62EBA532B754AAA00BEB858 /* weatherUITestsLaunchTests.swift */; };
		E62EBA792B754B2E00BEB858 /* ApiService.swift in Sources */ = {isa = PBXBuildFile; fileRef = E62EBA6C2B754B2E00BEB858 /* ApiService.swift */; };
		E62EBA7A2B754B2E00BEB858 /* HTTPMethod.swift in Sources */ = {isa = PBXBuildFile; fileRef = E62EBA6D2B754B2E00BEB858 /* HTTPMethod.swift */; };
		E62EBA7B2B754B2E00BEB858 /* WeatherApiError.swift in Sources */ = {isa = PBXBuildFile; fileRef = E62EBA6E2B754B2E00BEB858 /* WeatherApiError.swift */; };
		E62EBA7C2B754B2E00BEB858 /* WeatherNetwork.swift in Sources */ = {isa = PBXBuildFile; fileRef = E62EBA6F2B754B2E00BEB858 /* WeatherNetwork.swift */; };
		E62EBA7D2B754B2E00BEB858 /* WeatherNetworkClient.swift in Sources */ = {isa = PBXBuildFile; fileRef = E62EBA702B754B2E00BEB858 /* WeatherNetworkClient.swift */; };
		E62EBA7E2B754B2E00BEB858 /* WeatherRouter.swift in Sources */ = {isa = PBXBuildFile; fileRef = E62EBA712B754B2E00BEB858 /* WeatherRouter.swift */; };
		E62EBA7F2B754B2E00BEB858 /* WeatherApiAction.swift in Sources */ = {isa = PBXBuildFile; fileRef = E62EBA732B754B2E00BEB858 /* WeatherApiAction.swift */; };
		E62EBA802B754B2E00BEB858 /* WeatherManager.swift in Sources */ = {isa = PBXBuildFile; fileRef = E62EBA742B754B2E00BEB858 /* WeatherManager.swift */; };
		E62EBA812B754B2E00BEB858 /* WeatherAPIService.swift in Sources */ = {isa = PBXBuildFile; fileRef = E62EBA752B754B2E00BEB858 /* WeatherAPIService.swift */; };
		E62EBA822B754B2E00BEB858 /* MockWeatherService.swift in Sources */ = {isa = PBXBuildFile; fileRef = E62EBA762B754B2E00BEB858 /* MockWeatherService.swift */; };
		E62EBA862B757D0A00BEB858 /* CurrentWeather.swift in Sources */ = {isa = PBXBuildFile; fileRef = E62EBA852B757D0A00BEB858 /* CurrentWeather.swift */; };
		E62EBA892B7594B700BEB858 /* HomeView.swift in Sources */ = {isa = PBXBuildFile; fileRef = E62EBA882B7594B700BEB858 /* HomeView.swift */; };
		E6BB69422B76EF7700BA1491 /* Forecast.swift in Sources */ = {isa = PBXBuildFile; fileRef = E6BB69412B76EF7700BA1491 /* Forecast.swift */; };
		E6BB69562B783CC800BA1491 /* BoldText.swift in Sources */ = {isa = PBXBuildFile; fileRef = E6BB69552B783CC800BA1491 /* BoldText.swift */; };
		E6BB695A2B7840CC00BA1491 /* CGFloat+extensions.swift in Sources */ = {isa = PBXBuildFile; fileRef = E6BB69592B7840CC00BA1491 /* CGFloat+extensions.swift */; };
		E6BB695D2B78410B00BA1491 /* DayWeatherCard.swift in Sources */ = {isa = PBXBuildFile; fileRef = E6BB695C2B78410B00BA1491 /* DayWeatherCard.swift */; };
		E6BB695F2B7842D800BA1491 /* Constants.swift in Sources */ = {isa = PBXBuildFile; fileRef = E6BB695E2B7842D800BA1491 /* Constants.swift */; };
		E6BB69612B78434900BA1491 /* RegularText.swift in Sources */ = {isa = PBXBuildFile; fileRef = E6BB69602B78434900BA1491 /* RegularText.swift */; };
		E6BB69632B78442500BA1491 /* WeatherAsyncImage.swift in Sources */ = {isa = PBXBuildFile; fileRef = E6BB69622B78442500BA1491 /* WeatherAsyncImage.swift */; };
		E6BB69652B7846F400BA1491 /* Double+extensions.swift in Sources */ = {isa = PBXBuildFile; fileRef = E6BB69642B7846F400BA1491 /* Double+extensions.swift */; };
		E6BB69672B784DD600BA1491 /* HourWeatherCard.swift in Sources */ = {isa = PBXBuildFile; fileRef = E6BB69662B784DD600BA1491 /* HourWeatherCard.swift */; };
		E6BB696A2B78529500BA1491 /* SectionHeaderView.swift in Sources */ = {isa = PBXBuildFile; fileRef = E6BB69692B78529500BA1491 /* SectionHeaderView.swift */; };
		E6BB696D2B79728E00BA1491 /* WeatherTextField.swift in Sources */ = {isa = PBXBuildFile; fileRef = E6BB696C2B79728E00BA1491 /* WeatherTextField.swift */; };
		E6BB69712B797CF600BA1491 /* HomeHourlyForecastView.swift in Sources */ = {isa = PBXBuildFile; fileRef = E6BB69702B797CF600BA1491 /* HomeHourlyForecastView.swift */; };
		E6BB69732B797D0E00BA1491 /* HomeDailyView.swift in Sources */ = {isa = PBXBuildFile; fileRef = E6BB69722B797D0E00BA1491 /* HomeDailyView.swift */; };
		E6BB69752B79808F00BA1491 /* SemiboldText.swift in Sources */ = {isa = PBXBuildFile; fileRef = E6BB69742B79808F00BA1491 /* SemiboldText.swift */; };
/* End PBXBuildFile section */

/* Begin PBXContainerItemProxy section */
		E62EBA442B754AAA00BEB858 /* PBXContainerItemProxy */ = {
			isa = PBXContainerItemProxy;
			containerPortal = E62EBA2A2B754AA900BEB858 /* Project object */;
			proxyType = 1;
			remoteGlobalIDString = E62EBA312B754AA900BEB858;
			remoteInfo = weather;
		};
		E62EBA4E2B754AAA00BEB858 /* PBXContainerItemProxy */ = {
			isa = PBXContainerItemProxy;
			containerPortal = E62EBA2A2B754AA900BEB858 /* Project object */;
			proxyType = 1;
			remoteGlobalIDString = E62EBA312B754AA900BEB858;
			remoteInfo = weather;
		};
/* End PBXContainerItemProxy section */

/* Begin PBXFileReference section */
		E62EBA322B754AA900BEB858 /* weather.app */ = {isa = PBXFileReference; explicitFileType = wrapper.application; includeInIndex = 0; path = weather.app; sourceTree = BUILT_PRODUCTS_DIR; };
		E62EBA352B754AA900BEB858 /* weatherApp.swift */ = {isa = PBXFileReference; lastKnownFileType = sourcecode.swift; path = weatherApp.swift; sourceTree = "<group>"; };
		E62EBA372B754AA900BEB858 /* ContentView.swift */ = {isa = PBXFileReference; lastKnownFileType = sourcecode.swift; path = ContentView.swift; sourceTree = "<group>"; };
		E62EBA392B754AAA00BEB858 /* Assets.xcassets */ = {isa = PBXFileReference; lastKnownFileType = folder.assetcatalog; path = Assets.xcassets; sourceTree = "<group>"; };
		E62EBA3B2B754AAA00BEB858 /* weather.entitlements */ = {isa = PBXFileReference; lastKnownFileType = text.plist.entitlements; path = weather.entitlements; sourceTree = "<group>"; };
		E62EBA3D2B754AAA00BEB858 /* Preview Assets.xcassets */ = {isa = PBXFileReference; lastKnownFileType = folder.assetcatalog; path = "Preview Assets.xcassets"; sourceTree = "<group>"; };
		E62EBA432B754AAA00BEB858 /* weatherTests.xctest */ = {isa = PBXFileReference; explicitFileType = wrapper.cfbundle; includeInIndex = 0; path = weatherTests.xctest; sourceTree = BUILT_PRODUCTS_DIR; };
		E62EBA472B754AAA00BEB858 /* weatherTests.swift */ = {isa = PBXFileReference; lastKnownFileType = sourcecode.swift; path = weatherTests.swift; sourceTree = "<group>"; };
		E62EBA4D2B754AAA00BEB858 /* weatherUITests.xctest */ = {isa = PBXFileReference; explicitFileType = wrapper.cfbundle; includeInIndex = 0; path = weatherUITests.xctest; sourceTree = BUILT_PRODUCTS_DIR; };
		E62EBA512B754AAA00BEB858 /* weatherUITests.swift */ = {isa = PBXFileReference; lastKnownFileType = sourcecode.swift; path = weatherUITests.swift; sourceTree = "<group>"; };
		E62EBA532B754AAA00BEB858 /* weatherUITestsLaunchTests.swift */ = {isa = PBXFileReference; lastKnownFileType = sourcecode.swift; path = weatherUITestsLaunchTests.swift; sourceTree = "<group>"; };
		E62EBA6C2B754B2E00BEB858 /* ApiService.swift */ = {isa = PBXFileReference; fileEncoding = 4; lastKnownFileType = sourcecode.swift; path = ApiService.swift; sourceTree = "<group>"; };
		E62EBA6D2B754B2E00BEB858 /* HTTPMethod.swift */ = {isa = PBXFileReference; fileEncoding = 4; lastKnownFileType = sourcecode.swift; path = HTTPMethod.swift; sourceTree = "<group>"; };
		E62EBA6E2B754B2E00BEB858 /* WeatherApiError.swift */ = {isa = PBXFileReference; fileEncoding = 4; lastKnownFileType = sourcecode.swift; path = WeatherApiError.swift; sourceTree = "<group>"; };
		E62EBA6F2B754B2E00BEB858 /* WeatherNetwork.swift */ = {isa = PBXFileReference; fileEncoding = 4; lastKnownFileType = sourcecode.swift; path = WeatherNetwork.swift; sourceTree = "<group>"; };
		E62EBA702B754B2E00BEB858 /* WeatherNetworkClient.swift */ = {isa = PBXFileReference; fileEncoding = 4; lastKnownFileType = sourcecode.swift; path = WeatherNetworkClient.swift; sourceTree = "<group>"; };
		E62EBA712B754B2E00BEB858 /* WeatherRouter.swift */ = {isa = PBXFileReference; fileEncoding = 4; lastKnownFileType = sourcecode.swift; path = WeatherRouter.swift; sourceTree = "<group>"; };
		E62EBA732B754B2E00BEB858 /* WeatherApiAction.swift */ = {isa = PBXFileReference; fileEncoding = 4; lastKnownFileType = sourcecode.swift; path = WeatherApiAction.swift; sourceTree = "<group>"; };
		E62EBA742B754B2E00BEB858 /* WeatherManager.swift */ = {isa = PBXFileReference; fileEncoding = 4; lastKnownFileType = sourcecode.swift; path = WeatherManager.swift; sourceTree = "<group>"; };
		E62EBA752B754B2E00BEB858 /* WeatherAPIService.swift */ = {isa = PBXFileReference; fileEncoding = 4; lastKnownFileType = sourcecode.swift; path = WeatherAPIService.swift; sourceTree = "<group>"; };
		E62EBA762B754B2E00BEB858 /* MockWeatherService.swift */ = {isa = PBXFileReference; fileEncoding = 4; lastKnownFileType = sourcecode.swift; path = MockWeatherService.swift; sourceTree = "<group>"; };
		E62EBA832B7577C600BEB858 /* Info.plist */ = {isa = PBXFileReference; lastKnownFileType = text.plist; path = Info.plist; sourceTree = "<group>"; };
		E62EBA852B757D0A00BEB858 /* CurrentWeather.swift */ = {isa = PBXFileReference; lastKnownFileType = sourcecode.swift; path = CurrentWeather.swift; sourceTree = "<group>"; };
		E62EBA882B7594B700BEB858 /* HomeView.swift */ = {isa = PBXFileReference; lastKnownFileType = sourcecode.swift; path = HomeView.swift; sourceTree = "<group>"; };
		E6BB69412B76EF7700BA1491 /* Forecast.swift */ = {isa = PBXFileReference; lastKnownFileType = sourcecode.swift; path = Forecast.swift; sourceTree = "<group>"; };
		E6BB69552B783CC800BA1491 /* BoldText.swift */ = {isa = PBXFileReference; lastKnownFileType = sourcecode.swift; path = BoldText.swift; sourceTree = "<group>"; };
		E6BB69592B7840CC00BA1491 /* CGFloat+extensions.swift */ = {isa = PBXFileReference; lastKnownFileType = sourcecode.swift; path = "CGFloat+extensions.swift"; sourceTree = "<group>"; };
		E6BB695C2B78410B00BA1491 /* DayWeatherCard.swift */ = {isa = PBXFileReference; lastKnownFileType = sourcecode.swift; path = DayWeatherCard.swift; sourceTree = "<group>"; };
		E6BB695E2B7842D800BA1491 /* Constants.swift */ = {isa = PBXFileReference; lastKnownFileType = sourcecode.swift; path = Constants.swift; sourceTree = "<group>"; };
		E6BB69602B78434900BA1491 /* RegularText.swift */ = {isa = PBXFileReference; lastKnownFileType = sourcecode.swift; path = RegularText.swift; sourceTree = "<group>"; };
		E6BB69622B78442500BA1491 /* WeatherAsyncImage.swift */ = {isa = PBXFileReference; lastKnownFileType = sourcecode.swift; path = WeatherAsyncImage.swift; sourceTree = "<group>"; };
		E6BB69642B7846F400BA1491 /* Double+extensions.swift */ = {isa = PBXFileReference; lastKnownFileType = sourcecode.swift; path = "Double+extensions.swift"; sourceTree = "<group>"; };
		E6BB69662B784DD600BA1491 /* HourWeatherCard.swift */ = {isa = PBXFileReference; lastKnownFileType = sourcecode.swift; path = HourWeatherCard.swift; sourceTree = "<group>"; };
		E6BB69692B78529500BA1491 /* SectionHeaderView.swift */ = {isa = PBXFileReference; lastKnownFileType = sourcecode.swift; path = SectionHeaderView.swift; sourceTree = "<group>"; };
		E6BB696C2B79728E00BA1491 /* WeatherTextField.swift */ = {isa = PBXFileReference; lastKnownFileType = sourcecode.swift; path = WeatherTextField.swift; sourceTree = "<group>"; };
		E6BB69702B797CF600BA1491 /* HomeHourlyForecastView.swift */ = {isa = PBXFileReference; lastKnownFileType = sourcecode.swift; path = HomeHourlyForecastView.swift; sourceTree = "<group>"; };
		E6BB69722B797D0E00BA1491 /* HomeDailyView.swift */ = {isa = PBXFileReference; lastKnownFileType = sourcecode.swift; path = HomeDailyView.swift; sourceTree = "<group>"; };
		E6BB69742B79808F00BA1491 /* SemiboldText.swift */ = {isa = PBXFileReference; lastKnownFileType = sourcecode.swift; path = SemiboldText.swift; sourceTree = "<group>"; };
/* End PBXFileReference section */

/* Begin PBXFrameworksBuildPhase section */
		E62EBA2F2B754AA900BEB858 /* Frameworks */ = {
			isa = PBXFrameworksBuildPhase;
			buildActionMask = 2147483647;
			files = (
			);
			runOnlyForDeploymentPostprocessing = 0;
		};
		E62EBA402B754AAA00BEB858 /* Frameworks */ = {
			isa = PBXFrameworksBuildPhase;
			buildActionMask = 2147483647;
			files = (
			);
			runOnlyForDeploymentPostprocessing = 0;
		};
		E62EBA4A2B754AAA00BEB858 /* Frameworks */ = {
			isa = PBXFrameworksBuildPhase;
			buildActionMask = 2147483647;
			files = (
			);
			runOnlyForDeploymentPostprocessing = 0;
		};
/* End PBXFrameworksBuildPhase section */

/* Begin PBXGroup section */
		E62EBA292B754AA900BEB858 = {
			isa = PBXGroup;
			children = (
				E62EBA342B754AA900BEB858 /* weather */,
				E62EBA462B754AAA00BEB858 /* weatherTests */,
				E62EBA502B754AAA00BEB858 /* weatherUITests */,
				E62EBA332B754AA900BEB858 /* Products */,
			);
			sourceTree = "<group>";
		};
		E62EBA332B754AA900BEB858 /* Products */ = {
			isa = PBXGroup;
			children = (
				E62EBA322B754AA900BEB858 /* weather.app */,
				E62EBA432B754AAA00BEB858 /* weatherTests.xctest */,
				E62EBA4D2B754AAA00BEB858 /* weatherUITests.xctest */,
			);
			name = Products;
			sourceTree = "<group>";
		};
		E62EBA342B754AA900BEB858 /* weather */ = {
			isa = PBXGroup;
			children = (
				E6BB69572B78409D00BA1491 /* Resources */,
				E62EBA872B7594AE00BEB858 /* UI */,
				E62EBA842B757CFC00BEB858 /* Models */,
				E62EBA782B754B2E00BEB858 /* API */,
				E62EBA832B7577C600BEB858 /* Info.plist */,
				E62EBA352B754AA900BEB858 /* weatherApp.swift */,
				E62EBA372B754AA900BEB858 /* ContentView.swift */,
				E62EBA392B754AAA00BEB858 /* Assets.xcassets */,
				E62EBA3B2B754AAA00BEB858 /* weather.entitlements */,
				E62EBA3C2B754AAA00BEB858 /* Preview Content */,
			);
			path = weather;
			sourceTree = "<group>";
		};
		E62EBA3C2B754AAA00BEB858 /* Preview Content */ = {
			isa = PBXGroup;
			children = (
				E62EBA3D2B754AAA00BEB858 /* Preview Assets.xcassets */,
			);
			path = "Preview Content";
			sourceTree = "<group>";
		};
		E62EBA462B754AAA00BEB858 /* weatherTests */ = {
			isa = PBXGroup;
			children = (
				E62EBA472B754AAA00BEB858 /* weatherTests.swift */,
			);
			path = weatherTests;
			sourceTree = "<group>";
		};
		E62EBA502B754AAA00BEB858 /* weatherUITests */ = {
			isa = PBXGroup;
			children = (
				E62EBA512B754AAA00BEB858 /* weatherUITests.swift */,
				E62EBA532B754AAA00BEB858 /* weatherUITestsLaunchTests.swift */,
			);
			path = weatherUITests;
			sourceTree = "<group>";
		};
		E62EBA722B754B2E00BEB858 /* Common */ = {
			isa = PBXGroup;
			children = (
				E62EBA6C2B754B2E00BEB858 /* ApiService.swift */,
				E62EBA6D2B754B2E00BEB858 /* HTTPMethod.swift */,
				E62EBA6E2B754B2E00BEB858 /* WeatherApiError.swift */,
				E62EBA6F2B754B2E00BEB858 /* WeatherNetwork.swift */,
				E62EBA702B754B2E00BEB858 /* WeatherNetworkClient.swift */,
				E62EBA712B754B2E00BEB858 /* WeatherRouter.swift */,
			);
			path = Common;
			sourceTree = "<group>";
		};
		E62EBA772B754B2E00BEB858 /* WeatherApiServices */ = {
			isa = PBXGroup;
			children = (
				E62EBA732B754B2E00BEB858 /* WeatherApiAction.swift */,
				E62EBA742B754B2E00BEB858 /* WeatherManager.swift */,
				E62EBA752B754B2E00BEB858 /* WeatherAPIService.swift */,
				E62EBA762B754B2E00BEB858 /* MockWeatherService.swift */,
			);
			path = WeatherApiServices;
			sourceTree = "<group>";
		};
		E62EBA782B754B2E00BEB858 /* API */ = {
			isa = PBXGroup;
			children = (
				E62EBA722B754B2E00BEB858 /* Common */,
				E62EBA772B754B2E00BEB858 /* WeatherApiServices */,
			);
			path = API;
			sourceTree = "<group>";
		};
		E62EBA842B757CFC00BEB858 /* Models */ = {
			isa = PBXGroup;
			children = (
				E62EBA852B757D0A00BEB858 /* CurrentWeather.swift */,
				E6BB69412B76EF7700BA1491 /* Forecast.swift */,
			);
			path = Models;
			sourceTree = "<group>";
		};
		E62EBA872B7594AE00BEB858 /* UI */ = {
			isa = PBXGroup;
			children = (
				E6BB695B2B7840F700BA1491 /* Cards */,
				E6BB69532B783CB000BA1491 /* Common */,
			);
			path = UI;
			sourceTree = "<group>";
		};
		E6BB69532B783CB000BA1491 /* Common */ = {
			isa = PBXGroup;
			children = (
				E6BB696E2B7972E400BA1491 /* Home */,
				E6BB696B2B79727800BA1491 /* TextField */,
				E6BB69682B78527900BA1491 /* AsyncImage */,
				E6BB69542B783CB700BA1491 /* Text */,
			);
			path = Common;
			sourceTree = "<group>";
		};
		E6BB69542B783CB700BA1491 /* Text */ = {
			isa = PBXGroup;
			children = (
				E6BB69552B783CC800BA1491 /* BoldText.swift */,
				E6BB69602B78434900BA1491 /* RegularText.swift */,
				E6BB69742B79808F00BA1491 /* SemiboldText.swift */,
			);
			path = Text;
			sourceTree = "<group>";
		};
		E6BB69572B78409D00BA1491 /* Resources */ = {
			isa = PBXGroup;
			children = (
				E6BB69582B7840A600BA1491 /* Extensions */,
			);
			path = Resources;
			sourceTree = "<group>";
		};
		E6BB69582B7840A600BA1491 /* Extensions */ = {
			isa = PBXGroup;
			children = (
				E6BB69592B7840CC00BA1491 /* CGFloat+extensions.swift */,
				E6BB695E2B7842D800BA1491 /* Constants.swift */,
				E6BB69642B7846F400BA1491 /* Double+extensions.swift */,
			);
			path = Extensions;
			sourceTree = "<group>";
		};
		E6BB695B2B7840F700BA1491 /* Cards */ = {
			isa = PBXGroup;
			children = (
				E6BB695C2B78410B00BA1491 /* DayWeatherCard.swift */,
				E6BB69662B784DD600BA1491 /* HourWeatherCard.swift */,
			);
			path = Cards;
			sourceTree = "<group>";
		};
		E6BB69682B78527900BA1491 /* AsyncImage */ = {
			isa = PBXGroup;
			children = (
				E6BB69622B78442500BA1491 /* WeatherAsyncImage.swift */,
			);
			path = AsyncImage;
			sourceTree = "<group>";
		};
		E6BB696B2B79727800BA1491 /* TextField */ = {
			isa = PBXGroup;
			children = (
				E6BB696C2B79728E00BA1491 /* WeatherTextField.swift */,
			);
			path = TextField;
			sourceTree = "<group>";
		};
		E6BB696E2B7972E400BA1491 /* Home */ = {
			isa = PBXGroup;
			children = (
				E6BB696F2B7972ED00BA1491 /* AccessoryViews */,
				E62EBA882B7594B700BEB858 /* HomeView.swift */,
			);
			path = Home;
			sourceTree = "<group>";
		};
		E6BB696F2B7972ED00BA1491 /* AccessoryViews */ = {
			isa = PBXGroup;
			children = (
				E6BB69702B797CF600BA1491 /* HomeHourlyForecastView.swift */,
				E6BB69692B78529500BA1491 /* SectionHeaderView.swift */,
				E6BB69722B797D0E00BA1491 /* HomeDailyView.swift */,
			);
			path = AccessoryViews;
			sourceTree = "<group>";
		};
/* End PBXGroup section */

/* Begin PBXNativeTarget section */
		E62EBA312B754AA900BEB858 /* weather */ = {
			isa = PBXNativeTarget;
			buildConfigurationList = E62EBA572B754AAA00BEB858 /* Build configuration list for PBXNativeTarget "weather" */;
			buildPhases = (
				E62EBA2E2B754AA900BEB858 /* Sources */,
				E62EBA2F2B754AA900BEB858 /* Frameworks */,
				E62EBA302B754AA900BEB858 /* Resources */,
			);
			buildRules = (
			);
			dependencies = (
			);
			name = weather;
			productName = weather;
			productReference = E62EBA322B754AA900BEB858 /* weather.app */;
			productType = "com.apple.product-type.application";
		};
		E62EBA422B754AAA00BEB858 /* weatherTests */ = {
			isa = PBXNativeTarget;
			buildConfigurationList = E62EBA5A2B754AAA00BEB858 /* Build configuration list for PBXNativeTarget "weatherTests" */;
			buildPhases = (
				E62EBA3F2B754AAA00BEB858 /* Sources */,
				E62EBA402B754AAA00BEB858 /* Frameworks */,
				E62EBA412B754AAA00BEB858 /* Resources */,
			);
			buildRules = (
			);
			dependencies = (
				E62EBA452B754AAA00BEB858 /* PBXTargetDependency */,
			);
			name = weatherTests;
			productName = weatherTests;
			productReference = E62EBA432B754AAA00BEB858 /* weatherTests.xctest */;
			productType = "com.apple.product-type.bundle.unit-test";
		};
		E62EBA4C2B754AAA00BEB858 /* weatherUITests */ = {
			isa = PBXNativeTarget;
			buildConfigurationList = E62EBA5D2B754AAA00BEB858 /* Build configuration list for PBXNativeTarget "weatherUITests" */;
			buildPhases = (
				E62EBA492B754AAA00BEB858 /* Sources */,
				E62EBA4A2B754AAA00BEB858 /* Frameworks */,
				E62EBA4B2B754AAA00BEB858 /* Resources */,
			);
			buildRules = (
			);
			dependencies = (
				E62EBA4F2B754AAA00BEB858 /* PBXTargetDependency */,
			);
			name = weatherUITests;
			productName = weatherUITests;
			productReference = E62EBA4D2B754AAA00BEB858 /* weatherUITests.xctest */;
			productType = "com.apple.product-type.bundle.ui-testing";
		};
/* End PBXNativeTarget section */

/* Begin PBXProject section */
		E62EBA2A2B754AA900BEB858 /* Project object */ = {
			isa = PBXProject;
			attributes = {
				BuildIndependentTargetsInParallel = 1;
				LastSwiftUpdateCheck = 1530;
				LastUpgradeCheck = 1530;
				TargetAttributes = {
					E62EBA312B754AA900BEB858 = {
						CreatedOnToolsVersion = 15.3;
					};
					E62EBA422B754AAA00BEB858 = {
						CreatedOnToolsVersion = 15.3;
						TestTargetID = E62EBA312B754AA900BEB858;
					};
					E62EBA4C2B754AAA00BEB858 = {
						CreatedOnToolsVersion = 15.3;
						TestTargetID = E62EBA312B754AA900BEB858;
					};
				};
			};
			buildConfigurationList = E62EBA2D2B754AA900BEB858 /* Build configuration list for PBXProject "weather" */;
			compatibilityVersion = "Xcode 14.0";
			developmentRegion = en;
			hasScannedForEncodings = 0;
			knownRegions = (
				en,
				Base,
			);
			mainGroup = E62EBA292B754AA900BEB858;
			productRefGroup = E62EBA332B754AA900BEB858 /* Products */;
			projectDirPath = "";
			projectRoot = "";
			targets = (
				E62EBA312B754AA900BEB858 /* weather */,
				E62EBA422B754AAA00BEB858 /* weatherTests */,
				E62EBA4C2B754AAA00BEB858 /* weatherUITests */,
			);
		};
/* End PBXProject section */

/* Begin PBXResourcesBuildPhase section */
		E62EBA302B754AA900BEB858 /* Resources */ = {
			isa = PBXResourcesBuildPhase;
			buildActionMask = 2147483647;
			files = (
				E62EBA3E2B754AAA00BEB858 /* Preview Assets.xcassets in Resources */,
				E62EBA3A2B754AAA00BEB858 /* Assets.xcassets in Resources */,
			);
			runOnlyForDeploymentPostprocessing = 0;
		};
		E62EBA412B754AAA00BEB858 /* Resources */ = {
			isa = PBXResourcesBuildPhase;
			buildActionMask = 2147483647;
			files = (
			);
			runOnlyForDeploymentPostprocessing = 0;
		};
		E62EBA4B2B754AAA00BEB858 /* Resources */ = {
			isa = PBXResourcesBuildPhase;
			buildActionMask = 2147483647;
			files = (
			);
			runOnlyForDeploymentPostprocessing = 0;
		};
/* End PBXResourcesBuildPhase section */

/* Begin PBXSourcesBuildPhase section */
		E62EBA2E2B754AA900BEB858 /* Sources */ = {
			isa = PBXSourcesBuildPhase;
			buildActionMask = 2147483647;
			files = (
				E62EBA7A2B754B2E00BEB858 /* HTTPMethod.swift in Sources */,
				E6BB695F2B7842D800BA1491 /* Constants.swift in Sources */,
				E62EBA892B7594B700BEB858 /* HomeView.swift in Sources */,
				E6BB69732B797D0E00BA1491 /* HomeDailyView.swift in Sources */,
				E6BB69632B78442500BA1491 /* WeatherAsyncImage.swift in Sources */,
				E62EBA822B754B2E00BEB858 /* MockWeatherService.swift in Sources */,
				E6BB69712B797CF600BA1491 /* HomeHourlyForecastView.swift in Sources */,
				E6BB696D2B79728E00BA1491 /* WeatherTextField.swift in Sources */,
				E62EBA862B757D0A00BEB858 /* CurrentWeather.swift in Sources */,
				E6BB69422B76EF7700BA1491 /* Forecast.swift in Sources */,
				E6BB69672B784DD600BA1491 /* HourWeatherCard.swift in Sources */,
				E6BB695A2B7840CC00BA1491 /* CGFloat+extensions.swift in Sources */,
				E62EBA7B2B754B2E00BEB858 /* WeatherApiError.swift in Sources */,
				E6BB695D2B78410B00BA1491 /* DayWeatherCard.swift in Sources */,
				E6BB69652B7846F400BA1491 /* Double+extensions.swift in Sources */,
				E62EBA382B754AA900BEB858 /* ContentView.swift in Sources */,
				E62EBA362B754AA900BEB858 /* weatherApp.swift in Sources */,
				E6BB69752B79808F00BA1491 /* SemiboldText.swift in Sources */,
				E62EBA792B754B2E00BEB858 /* ApiService.swift in Sources */,
				E62EBA7C2B754B2E00BEB858 /* WeatherNetwork.swift in Sources */,
				E62EBA7F2B754B2E00BEB858 /* WeatherApiAction.swift in Sources */,
				E62EBA7D2B754B2E00BEB858 /* WeatherNetworkClient.swift in Sources */,
				E6BB69612B78434900BA1491 /* RegularText.swift in Sources */,
				E6BB696A2B78529500BA1491 /* SectionHeaderView.swift in Sources */,
				E62EBA7E2B754B2E00BEB858 /* WeatherRouter.swift in Sources */,
				E62EBA812B754B2E00BEB858 /* WeatherAPIService.swift in Sources */,
				E62EBA802B754B2E00BEB858 /* WeatherManager.swift in Sources */,
				E6BB69562B783CC800BA1491 /* BoldText.swift in Sources */,
			);
			runOnlyForDeploymentPostprocessing = 0;
		};
		E62EBA3F2B754AAA00BEB858 /* Sources */ = {
			isa = PBXSourcesBuildPhase;
			buildActionMask = 2147483647;
			files = (
				E62EBA482B754AAA00BEB858 /* weatherTests.swift in Sources */,
			);
			runOnlyForDeploymentPostprocessing = 0;
		};
		E62EBA492B754AAA00BEB858 /* Sources */ = {
			isa = PBXSourcesBuildPhase;
			buildActionMask = 2147483647;
			files = (
				E62EBA522B754AAA00BEB858 /* weatherUITests.swift in Sources */,
				E62EBA542B754AAA00BEB858 /* weatherUITestsLaunchTests.swift in Sources */,
			);
			runOnlyForDeploymentPostprocessing = 0;
		};
/* End PBXSourcesBuildPhase section */

/* Begin PBXTargetDependency section */
		E62EBA452B754AAA00BEB858 /* PBXTargetDependency */ = {
			isa = PBXTargetDependency;
			target = E62EBA312B754AA900BEB858 /* weather */;
			targetProxy = E62EBA442B754AAA00BEB858 /* PBXContainerItemProxy */;
		};
		E62EBA4F2B754AAA00BEB858 /* PBXTargetDependency */ = {
			isa = PBXTargetDependency;
			target = E62EBA312B754AA900BEB858 /* weather */;
			targetProxy = E62EBA4E2B754AAA00BEB858 /* PBXContainerItemProxy */;
		};
/* End PBXTargetDependency section */

/* Begin XCBuildConfiguration section */
		E62EBA552B754AAA00BEB858 /* Debug */ = {
			isa = XCBuildConfiguration;
			buildSettings = {
				ALWAYS_SEARCH_USER_PATHS = NO;
				ASSETCATALOG_COMPILER_GENERATE_SWIFT_ASSET_SYMBOL_EXTENSIONS = YES;
				CLANG_ANALYZER_NONNULL = YES;
				CLANG_ANALYZER_NUMBER_OBJECT_CONVERSION = YES_AGGRESSIVE;
				CLANG_CXX_LANGUAGE_STANDARD = "gnu++20";
				CLANG_ENABLE_MODULES = YES;
				CLANG_ENABLE_OBJC_ARC = YES;
				CLANG_ENABLE_OBJC_WEAK = YES;
				CLANG_WARN_BLOCK_CAPTURE_AUTORELEASING = YES;
				CLANG_WARN_BOOL_CONVERSION = YES;
				CLANG_WARN_COMMA = YES;
				CLANG_WARN_CONSTANT_CONVERSION = YES;
				CLANG_WARN_DEPRECATED_OBJC_IMPLEMENTATIONS = YES;
				CLANG_WARN_DIRECT_OBJC_ISA_USAGE = YES_ERROR;
				CLANG_WARN_DOCUMENTATION_COMMENTS = YES;
				CLANG_WARN_EMPTY_BODY = YES;
				CLANG_WARN_ENUM_CONVERSION = YES;
				CLANG_WARN_INFINITE_RECURSION = YES;
				CLANG_WARN_INT_CONVERSION = YES;
				CLANG_WARN_NON_LITERAL_NULL_CONVERSION = YES;
				CLANG_WARN_OBJC_IMPLICIT_RETAIN_SELF = YES;
				CLANG_WARN_OBJC_LITERAL_CONVERSION = YES;
				CLANG_WARN_OBJC_ROOT_CLASS = YES_ERROR;
				CLANG_WARN_QUOTED_INCLUDE_IN_FRAMEWORK_HEADER = YES;
				CLANG_WARN_RANGE_LOOP_ANALYSIS = YES;
				CLANG_WARN_STRICT_PROTOTYPES = YES;
				CLANG_WARN_SUSPICIOUS_MOVE = YES;
				CLANG_WARN_UNGUARDED_AVAILABILITY = YES_AGGRESSIVE;
				CLANG_WARN_UNREACHABLE_CODE = YES;
				CLANG_WARN__DUPLICATE_METHOD_MATCH = YES;
				COPY_PHASE_STRIP = NO;
				DEBUG_INFORMATION_FORMAT = dwarf;
				ENABLE_STRICT_OBJC_MSGSEND = YES;
				ENABLE_TESTABILITY = YES;
				ENABLE_USER_SCRIPT_SANDBOXING = YES;
				GCC_C_LANGUAGE_STANDARD = gnu17;
				GCC_DYNAMIC_NO_PIC = NO;
				GCC_NO_COMMON_BLOCKS = YES;
				GCC_OPTIMIZATION_LEVEL = 0;
				GCC_PREPROCESSOR_DEFINITIONS = (
					"DEBUG=1",
					"$(inherited)",
				);
				GCC_WARN_64_TO_32_BIT_CONVERSION = YES;
				GCC_WARN_ABOUT_RETURN_TYPE = YES_ERROR;
				GCC_WARN_UNDECLARED_SELECTOR = YES;
				GCC_WARN_UNINITIALIZED_AUTOS = YES_AGGRESSIVE;
				GCC_WARN_UNUSED_FUNCTION = YES;
				GCC_WARN_UNUSED_VARIABLE = YES;
				LOCALIZATION_PREFERS_STRING_CATALOGS = YES;
				MTL_ENABLE_DEBUG_INFO = INCLUDE_SOURCE;
				MTL_FAST_MATH = YES;
				ONLY_ACTIVE_ARCH = YES;
				SWIFT_ACTIVE_COMPILATION_CONDITIONS = "DEBUG $(inherited)";
				SWIFT_OPTIMIZATION_LEVEL = "-Onone";
			};
			name = Debug;
		};
		E62EBA562B754AAA00BEB858 /* Release */ = {
			isa = XCBuildConfiguration;
			buildSettings = {
				ALWAYS_SEARCH_USER_PATHS = NO;
				ASSETCATALOG_COMPILER_GENERATE_SWIFT_ASSET_SYMBOL_EXTENSIONS = YES;
				CLANG_ANALYZER_NONNULL = YES;
				CLANG_ANALYZER_NUMBER_OBJECT_CONVERSION = YES_AGGRESSIVE;
				CLANG_CXX_LANGUAGE_STANDARD = "gnu++20";
				CLANG_ENABLE_MODULES = YES;
				CLANG_ENABLE_OBJC_ARC = YES;
				CLANG_ENABLE_OBJC_WEAK = YES;
				CLANG_WARN_BLOCK_CAPTURE_AUTORELEASING = YES;
				CLANG_WARN_BOOL_CONVERSION = YES;
				CLANG_WARN_COMMA = YES;
				CLANG_WARN_CONSTANT_CONVERSION = YES;
				CLANG_WARN_DEPRECATED_OBJC_IMPLEMENTATIONS = YES;
				CLANG_WARN_DIRECT_OBJC_ISA_USAGE = YES_ERROR;
				CLANG_WARN_DOCUMENTATION_COMMENTS = YES;
				CLANG_WARN_EMPTY_BODY = YES;
				CLANG_WARN_ENUM_CONVERSION = YES;
				CLANG_WARN_INFINITE_RECURSION = YES;
				CLANG_WARN_INT_CONVERSION = YES;
				CLANG_WARN_NON_LITERAL_NULL_CONVERSION = YES;
				CLANG_WARN_OBJC_IMPLICIT_RETAIN_SELF = YES;
				CLANG_WARN_OBJC_LITERAL_CONVERSION = YES;
				CLANG_WARN_OBJC_ROOT_CLASS = YES_ERROR;
				CLANG_WARN_QUOTED_INCLUDE_IN_FRAMEWORK_HEADER = YES;
				CLANG_WARN_RANGE_LOOP_ANALYSIS = YES;
				CLANG_WARN_STRICT_PROTOTYPES = YES;
				CLANG_WARN_SUSPICIOUS_MOVE = YES;
				CLANG_WARN_UNGUARDED_AVAILABILITY = YES_AGGRESSIVE;
				CLANG_WARN_UNREACHABLE_CODE = YES;
				CLANG_WARN__DUPLICATE_METHOD_MATCH = YES;
				COPY_PHASE_STRIP = NO;
				DEBUG_INFORMATION_FORMAT = "dwarf-with-dsym";
				ENABLE_NS_ASSERTIONS = NO;
				ENABLE_STRICT_OBJC_MSGSEND = YES;
				ENABLE_USER_SCRIPT_SANDBOXING = YES;
				GCC_C_LANGUAGE_STANDARD = gnu17;
				GCC_NO_COMMON_BLOCKS = YES;
				GCC_WARN_64_TO_32_BIT_CONVERSION = YES;
				GCC_WARN_ABOUT_RETURN_TYPE = YES_ERROR;
				GCC_WARN_UNDECLARED_SELECTOR = YES;
				GCC_WARN_UNINITIALIZED_AUTOS = YES_AGGRESSIVE;
				GCC_WARN_UNUSED_FUNCTION = YES;
				GCC_WARN_UNUSED_VARIABLE = YES;
				LOCALIZATION_PREFERS_STRING_CATALOGS = YES;
				MTL_ENABLE_DEBUG_INFO = NO;
				MTL_FAST_MATH = YES;
				SWIFT_COMPILATION_MODE = wholemodule;
			};
			name = Release;
		};
		E62EBA582B754AAA00BEB858 /* Debug */ = {
			isa = XCBuildConfiguration;
			buildSettings = {
				ASSETCATALOG_COMPILER_APPICON_NAME = AppIcon;
				ASSETCATALOG_COMPILER_GLOBAL_ACCENT_COLOR_NAME = AccentColor;
				CODE_SIGN_ENTITLEMENTS = weather/weather.entitlements;
				CODE_SIGN_STYLE = Automatic;
				CURRENT_PROJECT_VERSION = 1;
				DEVELOPMENT_ASSET_PATHS = "\"weather/Preview Content\"";
				DEVELOPMENT_TEAM = VY9FRH555S;
				ENABLE_HARDENED_RUNTIME = YES;
				ENABLE_PREVIEWS = YES;
				GENERATE_INFOPLIST_FILE = YES;
				INFOPLIST_FILE = weather/Info.plist;
				INFOPLIST_KEY_LSApplicationCategoryType = "";
				"INFOPLIST_KEY_UIApplicationSceneManifest_Generation[sdk=iphoneos*]" = YES;
				"INFOPLIST_KEY_UIApplicationSceneManifest_Generation[sdk=iphonesimulator*]" = YES;
				"INFOPLIST_KEY_UIApplicationSupportsIndirectInputEvents[sdk=iphoneos*]" = YES;
				"INFOPLIST_KEY_UIApplicationSupportsIndirectInputEvents[sdk=iphonesimulator*]" = YES;
				"INFOPLIST_KEY_UILaunchScreen_Generation[sdk=iphoneos*]" = YES;
				"INFOPLIST_KEY_UILaunchScreen_Generation[sdk=iphonesimulator*]" = YES;
				"INFOPLIST_KEY_UIStatusBarStyle[sdk=iphoneos*]" = UIStatusBarStyleDefault;
				"INFOPLIST_KEY_UIStatusBarStyle[sdk=iphonesimulator*]" = UIStatusBarStyleDefault;
				INFOPLIST_KEY_UISupportedInterfaceOrientations_iPad = "UIInterfaceOrientationPortrait UIInterfaceOrientationPortraitUpsideDown UIInterfaceOrientationLandscapeLeft UIInterfaceOrientationLandscapeRight";
				INFOPLIST_KEY_UISupportedInterfaceOrientations_iPhone = "UIInterfaceOrientationPortrait UIInterfaceOrientationLandscapeLeft UIInterfaceOrientationLandscapeRight";
				IPHONEOS_DEPLOYMENT_TARGET = 17.4;
				LD_RUNPATH_SEARCH_PATHS = "@executable_path/Frameworks";
				"LD_RUNPATH_SEARCH_PATHS[sdk=macosx*]" = "@executable_path/../Frameworks";
				MACOSX_DEPLOYMENT_TARGET = 14.1;
				MARKETING_VERSION = 1.0;
				PRODUCT_BUNDLE_IDENTIFIER = com.ryan.weather;
				PRODUCT_NAME = "$(TARGET_NAME)";
				SDKROOT = auto;
				SUPPORTED_PLATFORMS = "iphoneos iphonesimulator";
				SUPPORTS_MACCATALYST = NO;
				SWIFT_EMIT_LOC_STRINGS = YES;
				SWIFT_VERSION = 5.0;
				TARGETED_DEVICE_FAMILY = 1;
			};
			name = Debug;
		};
		E62EBA592B754AAA00BEB858 /* Release */ = {
			isa = XCBuildConfiguration;
			buildSettings = {
				ASSETCATALOG_COMPILER_APPICON_NAME = AppIcon;
				ASSETCATALOG_COMPILER_GLOBAL_ACCENT_COLOR_NAME = AccentColor;
				CODE_SIGN_ENTITLEMENTS = weather/weather.entitlements;
				CODE_SIGN_STYLE = Automatic;
				CURRENT_PROJECT_VERSION = 1;
				DEVELOPMENT_ASSET_PATHS = "\"weather/Preview Content\"";
				DEVELOPMENT_TEAM = VY9FRH555S;
				ENABLE_HARDENED_RUNTIME = YES;
				ENABLE_PREVIEWS = YES;
				GENERATE_INFOPLIST_FILE = YES;
				INFOPLIST_FILE = weather/Info.plist;
				INFOPLIST_KEY_LSApplicationCategoryType = "";
				"INFOPLIST_KEY_UIApplicationSceneManifest_Generation[sdk=iphoneos*]" = YES;
				"INFOPLIST_KEY_UIApplicationSceneManifest_Generation[sdk=iphonesimulator*]" = YES;
				"INFOPLIST_KEY_UIApplicationSupportsIndirectInputEvents[sdk=iphoneos*]" = YES;
				"INFOPLIST_KEY_UIApplicationSupportsIndirectInputEvents[sdk=iphonesimulator*]" = YES;
				"INFOPLIST_KEY_UILaunchScreen_Generation[sdk=iphoneos*]" = YES;
				"INFOPLIST_KEY_UILaunchScreen_Generation[sdk=iphonesimulator*]" = YES;
				"INFOPLIST_KEY_UIStatusBarStyle[sdk=iphoneos*]" = UIStatusBarStyleDefault;
				"INFOPLIST_KEY_UIStatusBarStyle[sdk=iphonesimulator*]" = UIStatusBarStyleDefault;
				INFOPLIST_KEY_UISupportedInterfaceOrientations_iPad = "UIInterfaceOrientationPortrait UIInterfaceOrientationPortraitUpsideDown UIInterfaceOrientationLandscapeLeft UIInterfaceOrientationLandscapeRight";
				INFOPLIST_KEY_UISupportedInterfaceOrientations_iPhone = "UIInterfaceOrientationPortrait UIInterfaceOrientationLandscapeLeft UIInterfaceOrientationLandscapeRight";
				IPHONEOS_DEPLOYMENT_TARGET = 17.4;
				LD_RUNPATH_SEARCH_PATHS = "@executable_path/Frameworks";
				"LD_RUNPATH_SEARCH_PATHS[sdk=macosx*]" = "@executable_path/../Frameworks";
				MACOSX_DEPLOYMENT_TARGET = 14.1;
				MARKETING_VERSION = 1.0;
				PRODUCT_BUNDLE_IDENTIFIER = com.ryan.weather;
				PRODUCT_NAME = "$(TARGET_NAME)";
				SDKROOT = auto;
				SUPPORTED_PLATFORMS = "iphoneos iphonesimulator";
				SUPPORTS_MACCATALYST = NO;
				SWIFT_EMIT_LOC_STRINGS = YES;
				SWIFT_VERSION = 5.0;
				TARGETED_DEVICE_FAMILY = 1;
			};
			name = Release;
		};
		E62EBA5B2B754AAA00BEB858 /* Debug */ = {
			isa = XCBuildConfiguration;
			buildSettings = {
				ALWAYS_EMBED_SWIFT_STANDARD_LIBRARIES = YES;
				BUNDLE_LOADER = "$(TEST_HOST)";
				CODE_SIGN_STYLE = Automatic;
				CURRENT_PROJECT_VERSION = 1;
				DEVELOPMENT_TEAM = VY9FRH555S;
				GENERATE_INFOPLIST_FILE = YES;
				IPHONEOS_DEPLOYMENT_TARGET = 17.4;
				MACOSX_DEPLOYMENT_TARGET = 14.1;
				MARKETING_VERSION = 1.0;
				PRODUCT_BUNDLE_IDENTIFIER = com.ryan.weatherTests;
				PRODUCT_NAME = "$(TARGET_NAME)";
				SDKROOT = auto;
				SUPPORTED_PLATFORMS = "iphoneos iphonesimulator macosx";
				SWIFT_EMIT_LOC_STRINGS = NO;
				SWIFT_VERSION = 5.0;
				TARGETED_DEVICE_FAMILY = "1,2";
				TEST_HOST = "$(BUILT_PRODUCTS_DIR)/weather.app/$(BUNDLE_EXECUTABLE_FOLDER_PATH)/weather";
			};
			name = Debug;
		};
		E62EBA5C2B754AAA00BEB858 /* Release */ = {
			isa = XCBuildConfiguration;
			buildSettings = {
				ALWAYS_EMBED_SWIFT_STANDARD_LIBRARIES = YES;
				BUNDLE_LOADER = "$(TEST_HOST)";
				CODE_SIGN_STYLE = Automatic;
				CURRENT_PROJECT_VERSION = 1;
				DEVELOPMENT_TEAM = VY9FRH555S;
				GENERATE_INFOPLIST_FILE = YES;
				IPHONEOS_DEPLOYMENT_TARGET = 17.4;
				MACOSX_DEPLOYMENT_TARGET = 14.1;
				MARKETING_VERSION = 1.0;
				PRODUCT_BUNDLE_IDENTIFIER = com.ryan.weatherTests;
				PRODUCT_NAME = "$(TARGET_NAME)";
				SDKROOT = auto;
				SUPPORTED_PLATFORMS = "iphoneos iphonesimulator macosx";
				SWIFT_EMIT_LOC_STRINGS = NO;
				SWIFT_VERSION = 5.0;
				TARGETED_DEVICE_FAMILY = "1,2";
				TEST_HOST = "$(BUILT_PRODUCTS_DIR)/weather.app/$(BUNDLE_EXECUTABLE_FOLDER_PATH)/weather";
			};
			name = Release;
		};
		E62EBA5E2B754AAA00BEB858 /* Debug */ = {
			isa = XCBuildConfiguration;
			buildSettings = {
				ALWAYS_EMBED_SWIFT_STANDARD_LIBRARIES = YES;
				CODE_SIGN_STYLE = Automatic;
				CURRENT_PROJECT_VERSION = 1;
				DEVELOPMENT_TEAM = VY9FRH555S;
				GENERATE_INFOPLIST_FILE = YES;
				IPHONEOS_DEPLOYMENT_TARGET = 17.4;
				MACOSX_DEPLOYMENT_TARGET = 14.1;
				MARKETING_VERSION = 1.0;
				PRODUCT_BUNDLE_IDENTIFIER = com.ryan.weatherUITests;
				PRODUCT_NAME = "$(TARGET_NAME)";
				SDKROOT = auto;
				SUPPORTED_PLATFORMS = "iphoneos iphonesimulator macosx";
				SWIFT_EMIT_LOC_STRINGS = NO;
				SWIFT_VERSION = 5.0;
				TARGETED_DEVICE_FAMILY = "1,2";
				TEST_TARGET_NAME = weather;
			};
			name = Debug;
		};
		E62EBA5F2B754AAA00BEB858 /* Release */ = {
			isa = XCBuildConfiguration;
			buildSettings = {
				ALWAYS_EMBED_SWIFT_STANDARD_LIBRARIES = YES;
				CODE_SIGN_STYLE = Automatic;
				CURRENT_PROJECT_VERSION = 1;
				DEVELOPMENT_TEAM = VY9FRH555S;
				GENERATE_INFOPLIST_FILE = YES;
				IPHONEOS_DEPLOYMENT_TARGET = 17.4;
				MACOSX_DEPLOYMENT_TARGET = 14.1;
				MARKETING_VERSION = 1.0;
				PRODUCT_BUNDLE_IDENTIFIER = com.ryan.weatherUITests;
				PRODUCT_NAME = "$(TARGET_NAME)";
				SDKROOT = auto;
				SUPPORTED_PLATFORMS = "iphoneos iphonesimulator macosx";
				SWIFT_EMIT_LOC_STRINGS = NO;
				SWIFT_VERSION = 5.0;
				TARGETED_DEVICE_FAMILY = "1,2";
				TEST_TARGET_NAME = weather;
			};
			name = Release;
		};
/* End XCBuildConfiguration section */

/* Begin XCConfigurationList section */
		E62EBA2D2B754AA900BEB858 /* Build configuration list for PBXProject "weather" */ = {
			isa = XCConfigurationList;
			buildConfigurations = (
				E62EBA552B754AAA00BEB858 /* Debug */,
				E62EBA562B754AAA00BEB858 /* Release */,
			);
			defaultConfigurationIsVisible = 0;
			defaultConfigurationName = Release;
		};
		E62EBA572B754AAA00BEB858 /* Build configuration list for PBXNativeTarget "weather" */ = {
			isa = XCConfigurationList;
			buildConfigurations = (
				E62EBA582B754AAA00BEB858 /* Debug */,
				E62EBA592B754AAA00BEB858 /* Release */,
			);
			defaultConfigurationIsVisible = 0;
			defaultConfigurationName = Release;
		};
		E62EBA5A2B754AAA00BEB858 /* Build configuration list for PBXNativeTarget "weatherTests" */ = {
			isa = XCConfigurationList;
			buildConfigurations = (
				E62EBA5B2B754AAA00BEB858 /* Debug */,
				E62EBA5C2B754AAA00BEB858 /* Release */,
			);
			defaultConfigurationIsVisible = 0;
			defaultConfigurationName = Release;
		};
		E62EBA5D2B754AAA00BEB858 /* Build configuration list for PBXNativeTarget "weatherUITests" */ = {
			isa = XCConfigurationList;
			buildConfigurations = (
				E62EBA5E2B754AAA00BEB858 /* Debug */,
				E62EBA5F2B754AAA00BEB858 /* Release */,
			);
			defaultConfigurationIsVisible = 0;
			defaultConfigurationName = Release;
		};
/* End XCConfigurationList section */
	};
	rootObject = E62EBA2A2B754AA900BEB858 /* Project object */;
}
